// !$*UTF8*$!
{
	archiveVersion = 1;
	classes = {
	};
	objectVersion = 46;
	objects = {

/* Begin PBXBuildFile section */
		E55010911C591DBA008CE9D1 /* Contents.json in Resources */ = {isa = PBXBuildFile; fileRef = E55010851C591DBA008CE9D1 /* Contents.json */; };
		E55010921C591DBA008CE9D1 /* Icon-40.png in Resources */ = {isa = PBXBuildFile; fileRef = E55010861C591DBA008CE9D1 /* Icon-40.png */; };
		E55010931C591DBA008CE9D1 /* Icon-40@2x.png in Resources */ = {isa = PBXBuildFile; fileRef = E55010871C591DBA008CE9D1 /* Icon-40@2x.png */; };
		E55010941C591DBA008CE9D1 /* Icon-40@3x.png in Resources */ = {isa = PBXBuildFile; fileRef = E55010881C591DBA008CE9D1 /* Icon-40@3x.png */; };
		E55010951C591DBA008CE9D1 /* Icon-60@2x.png in Resources */ = {isa = PBXBuildFile; fileRef = E55010891C591DBA008CE9D1 /* Icon-60@2x.png */; };
		E55010961C591DBA008CE9D1 /* Icon-60@3x.png in Resources */ = {isa = PBXBuildFile; fileRef = E550108A1C591DBA008CE9D1 /* Icon-60@3x.png */; };
		E55010971C591DBA008CE9D1 /* Icon-76.png in Resources */ = {isa = PBXBuildFile; fileRef = E550108B1C591DBA008CE9D1 /* Icon-76.png */; };
		E55010981C591DBA008CE9D1 /* Icon-76@2x.png in Resources */ = {isa = PBXBuildFile; fileRef = E550108C1C591DBA008CE9D1 /* Icon-76@2x.png */; };
		E55010991C591DBA008CE9D1 /* Icon-83.5@2x.png in Resources */ = {isa = PBXBuildFile; fileRef = E550108D1C591DBA008CE9D1 /* Icon-83.5@2x.png */; };
		E550109A1C591DBA008CE9D1 /* Icon-Small.png in Resources */ = {isa = PBXBuildFile; fileRef = E550108E1C591DBA008CE9D1 /* Icon-Small.png */; };
		E550109B1C591DBA008CE9D1 /* Icon-Small@2x.png in Resources */ = {isa = PBXBuildFile; fileRef = E550108F1C591DBA008CE9D1 /* Icon-Small@2x.png */; };
		E550109C1C591DBA008CE9D1 /* Icon-Small@3x.png in Resources */ = {isa = PBXBuildFile; fileRef = E55010901C591DBA008CE9D1 /* Icon-Small@3x.png */; };
		E55010A61C592025008CE9D1 /* Icon-60.png in Resources */ = {isa = PBXBuildFile; fileRef = E550109D1C592025008CE9D1 /* Icon-60.png */; };
		E55010A71C592025008CE9D1 /* Icon-72.png in Resources */ = {isa = PBXBuildFile; fileRef = E550109E1C592025008CE9D1 /* Icon-72.png */; };
		E55010A81C592025008CE9D1 /* Icon-72@2x.png in Resources */ = {isa = PBXBuildFile; fileRef = E550109F1C592025008CE9D1 /* Icon-72@2x.png */; };
		E55010A91C592025008CE9D1 /* Icon-Small-50.png in Resources */ = {isa = PBXBuildFile; fileRef = E55010A01C592025008CE9D1 /* Icon-Small-50.png */; };
		E55010AA1C592025008CE9D1 /* Icon-Small-50@2x.png in Resources */ = {isa = PBXBuildFile; fileRef = E55010A11C592025008CE9D1 /* Icon-Small-50@2x.png */; };
		E55010AB1C592025008CE9D1 /* Icon.png in Resources */ = {isa = PBXBuildFile; fileRef = E55010A21C592025008CE9D1 /* Icon.png */; };
		E55010AC1C592025008CE9D1 /* Icon@2x.png in Resources */ = {isa = PBXBuildFile; fileRef = E55010A31C592025008CE9D1 /* Icon@2x.png */; };
		E55010AD1C592025008CE9D1 /* iTunesArtwork.png in Resources */ = {isa = PBXBuildFile; fileRef = E55010A41C592025008CE9D1 /* iTunesArtwork.png */; };
		E55010AE1C592025008CE9D1 /* iTunesArtwork@2x.png in Resources */ = {isa = PBXBuildFile; fileRef = E55010A51C592025008CE9D1 /* iTunesArtwork@2x.png */; };
		E5B043A01C57B86F00FA8F70 /* AppDelegate.swift in Sources */ = {isa = PBXBuildFile; fileRef = E5B0439F1C57B86F00FA8F70 /* AppDelegate.swift */; };
		E5B043A21C57B86F00FA8F70 /* ViewController.swift in Sources */ = {isa = PBXBuildFile; fileRef = E5B043A11C57B86F00FA8F70 /* ViewController.swift */; };
		E5B043A51C57B86F00FA8F70 /* Main.storyboard in Resources */ = {isa = PBXBuildFile; fileRef = E5B043A31C57B86F00FA8F70 /* Main.storyboard */; };
		E5B043A71C57B86F00FA8F70 /* Assets.xcassets in Resources */ = {isa = PBXBuildFile; fileRef = E5B043A61C57B86F00FA8F70 /* Assets.xcassets */; };
		E5B043AA1C57B86F00FA8F70 /* LaunchScreen.storyboard in Resources */ = {isa = PBXBuildFile; fileRef = E5B043A81C57B86F00FA8F70 /* LaunchScreen.storyboard */; };
		E5B043B51C57B86F00FA8F70 /* oldschool_calculatorTests.swift in Sources */ = {isa = PBXBuildFile; fileRef = E5B043B41C57B86F00FA8F70 /* oldschool_calculatorTests.swift */; };
		E5B043C01C57B86F00FA8F70 /* oldschool_calculatorUITests.swift in Sources */ = {isa = PBXBuildFile; fileRef = E5B043BF1C57B86F00FA8F70 /* oldschool_calculatorUITests.swift */; };
		E5B043CE1C57C42900FA8F70 /* Minecraft.ttf in Resources */ = {isa = PBXBuildFile; fileRef = E5B043CD1C57C42900FA8F70 /* Minecraft.ttf */; };
		E5B043D01C582CA300FA8F70 /* btn.wav in Resources */ = {isa = PBXBuildFile; fileRef = E5B043CF1C582CA300FA8F70 /* btn.wav */; };
/* End PBXBuildFile section */

/* Begin PBXContainerItemProxy section */
		E5B043B11C57B86F00FA8F70 /* PBXContainerItemProxy */ = {
			isa = PBXContainerItemProxy;
			containerPortal = E5B043941C57B86F00FA8F70 /* Project object */;
			proxyType = 1;
			remoteGlobalIDString = E5B0439B1C57B86F00FA8F70;
			remoteInfo = "oldschool calculator";
		};
		E5B043BC1C57B86F00FA8F70 /* PBXContainerItemProxy */ = {
			isa = PBXContainerItemProxy;
			containerPortal = E5B043941C57B86F00FA8F70 /* Project object */;
			proxyType = 1;
			remoteGlobalIDString = E5B0439B1C57B86F00FA8F70;
			remoteInfo = "oldschool calculator";
		};
/* End PBXContainerItemProxy section */

/* Begin PBXFileReference section */
		E55010851C591DBA008CE9D1 /* Contents.json */ = {isa = PBXFileReference; fileEncoding = 4; lastKnownFileType = text.json; path = Contents.json; sourceTree = "<group>"; };
		E55010861C591DBA008CE9D1 /* Icon-40.png */ = {isa = PBXFileReference; lastKnownFileType = image.png; path = "Icon-40.png"; sourceTree = "<group>"; };
		E55010871C591DBA008CE9D1 /* Icon-40@2x.png */ = {isa = PBXFileReference; lastKnownFileType = image.png; path = "Icon-40@2x.png"; sourceTree = "<group>"; };
		E55010881C591DBA008CE9D1 /* Icon-40@3x.png */ = {isa = PBXFileReference; lastKnownFileType = image.png; path = "Icon-40@3x.png"; sourceTree = "<group>"; };
		E55010891C591DBA008CE9D1 /* Icon-60@2x.png */ = {isa = PBXFileReference; lastKnownFileType = image.png; path = "Icon-60@2x.png"; sourceTree = "<group>"; };
		E550108A1C591DBA008CE9D1 /* Icon-60@3x.png */ = {isa = PBXFileReference; lastKnownFileType = image.png; path = "Icon-60@3x.png"; sourceTree = "<group>"; };
		E550108B1C591DBA008CE9D1 /* Icon-76.png */ = {isa = PBXFileReference; lastKnownFileType = image.png; path = "Icon-76.png"; sourceTree = "<group>"; };
		E550108C1C591DBA008CE9D1 /* Icon-76@2x.png */ = {isa = PBXFileReference; lastKnownFileType = image.png; path = "Icon-76@2x.png"; sourceTree = "<group>"; };
		E550108D1C591DBA008CE9D1 /* Icon-83.5@2x.png */ = {isa = PBXFileReference; lastKnownFileType = image.png; path = "Icon-83.5@2x.png"; sourceTree = "<group>"; };
		E550108E1C591DBA008CE9D1 /* Icon-Small.png */ = {isa = PBXFileReference; lastKnownFileType = image.png; path = "Icon-Small.png"; sourceTree = "<group>"; };
		E550108F1C591DBA008CE9D1 /* Icon-Small@2x.png */ = {isa = PBXFileReference; lastKnownFileType = image.png; path = "Icon-Small@2x.png"; sourceTree = "<group>"; };
		E55010901C591DBA008CE9D1 /* Icon-Small@3x.png */ = {isa = PBXFileReference; lastKnownFileType = image.png; path = "Icon-Small@3x.png"; sourceTree = "<group>"; };
		E550109D1C592025008CE9D1 /* Icon-60.png */ = {isa = PBXFileReference; lastKnownFileType = image.png; path = "Icon-60.png"; sourceTree = "<group>"; };
		E550109E1C592025008CE9D1 /* Icon-72.png */ = {isa = PBXFileReference; lastKnownFileType = image.png; path = "Icon-72.png"; sourceTree = "<group>"; };
		E550109F1C592025008CE9D1 /* Icon-72@2x.png */ = {isa = PBXFileReference; lastKnownFileType = image.png; path = "Icon-72@2x.png"; sourceTree = "<group>"; };
		E55010A01C592025008CE9D1 /* Icon-Small-50.png */ = {isa = PBXFileReference; lastKnownFileType = image.png; path = "Icon-Small-50.png"; sourceTree = "<group>"; };
		E55010A11C592025008CE9D1 /* Icon-Small-50@2x.png */ = {isa = PBXFileReference; lastKnownFileType = image.png; path = "Icon-Small-50@2x.png"; sourceTree = "<group>"; };
		E55010A21C592025008CE9D1 /* Icon.png */ = {isa = PBXFileReference; lastKnownFileType = image.png; path = Icon.png; sourceTree = "<group>"; };
		E55010A31C592025008CE9D1 /* Icon@2x.png */ = {isa = PBXFileReference; lastKnownFileType = image.png; path = "Icon@2x.png"; sourceTree = "<group>"; };
		E55010A41C592025008CE9D1 /* iTunesArtwork.png */ = {isa = PBXFileReference; lastKnownFileType = image.png; path = iTunesArtwork.png; sourceTree = "<group>"; };
		E55010A51C592025008CE9D1 /* iTunesArtwork@2x.png */ = {isa = PBXFileReference; lastKnownFileType = image.png; path = "iTunesArtwork@2x.png"; sourceTree = "<group>"; };
		E5B0439C1C57B86F00FA8F70 /* Space Calc.app */ = {isa = PBXFileReference; explicitFileType = wrapper.application; includeInIndex = 0; path = "Space Calc.app"; sourceTree = BUILT_PRODUCTS_DIR; };
		E5B0439F1C57B86F00FA8F70 /* AppDelegate.swift */ = {isa = PBXFileReference; lastKnownFileType = sourcecode.swift; path = AppDelegate.swift; sourceTree = "<group>"; };
		E5B043A11C57B86F00FA8F70 /* ViewController.swift */ = {isa = PBXFileReference; lastKnownFileType = sourcecode.swift; path = ViewController.swift; sourceTree = "<group>"; };
		E5B043A41C57B86F00FA8F70 /* Base */ = {isa = PBXFileReference; lastKnownFileType = file.storyboard; name = Base; path = Base.lproj/Main.storyboard; sourceTree = "<group>"; };
		E5B043A61C57B86F00FA8F70 /* Assets.xcassets */ = {isa = PBXFileReference; lastKnownFileType = folder.assetcatalog; path = Assets.xcassets; sourceTree = "<group>"; };
		E5B043A91C57B86F00FA8F70 /* Base */ = {isa = PBXFileReference; lastKnownFileType = file.storyboard; name = Base; path = Base.lproj/LaunchScreen.storyboard; sourceTree = "<group>"; };
		E5B043AB1C57B86F00FA8F70 /* Info.plist */ = {isa = PBXFileReference; lastKnownFileType = text.plist.xml; path = Info.plist; sourceTree = "<group>"; };
		E5B043B01C57B86F00FA8F70 /* oldschool calculatorTests.xctest */ = {isa = PBXFileReference; explicitFileType = wrapper.cfbundle; includeInIndex = 0; path = "oldschool calculatorTests.xctest"; sourceTree = BUILT_PRODUCTS_DIR; };
		E5B043B41C57B86F00FA8F70 /* oldschool_calculatorTests.swift */ = {isa = PBXFileReference; lastKnownFileType = sourcecode.swift; path = oldschool_calculatorTests.swift; sourceTree = "<group>"; };
		E5B043B61C57B86F00FA8F70 /* Info.plist */ = {isa = PBXFileReference; lastKnownFileType = text.plist.xml; path = Info.plist; sourceTree = "<group>"; };
		E5B043BB1C57B86F00FA8F70 /* oldschool calculatorUITests.xctest */ = {isa = PBXFileReference; explicitFileType = wrapper.cfbundle; includeInIndex = 0; path = "oldschool calculatorUITests.xctest"; sourceTree = BUILT_PRODUCTS_DIR; };
		E5B043BF1C57B86F00FA8F70 /* oldschool_calculatorUITests.swift */ = {isa = PBXFileReference; lastKnownFileType = sourcecode.swift; path = oldschool_calculatorUITests.swift; sourceTree = "<group>"; };
		E5B043C11C57B86F00FA8F70 /* Info.plist */ = {isa = PBXFileReference; lastKnownFileType = text.plist.xml; path = Info.plist; sourceTree = "<group>"; };
		E5B043CD1C57C42900FA8F70 /* Minecraft.ttf */ = {isa = PBXFileReference; lastKnownFileType = file; path = Minecraft.ttf; sourceTree = "<group>"; };
		E5B043CF1C582CA300FA8F70 /* btn.wav */ = {isa = PBXFileReference; lastKnownFileType = audio.wav; name = btn.wav; path = ../btn.wav; sourceTree = "<group>"; };
/* End PBXFileReference section */

/* Begin PBXFrameworksBuildPhase section */
		E5B043991C57B86F00FA8F70 /* Frameworks */ = {
			isa = PBXFrameworksBuildPhase;
			buildActionMask = 2147483647;
			files = (
			);
			runOnlyForDeploymentPostprocessing = 0;
		};
		E5B043AD1C57B86F00FA8F70 /* Frameworks */ = {
			isa = PBXFrameworksBuildPhase;
			buildActionMask = 2147483647;
			files = (
			);
			runOnlyForDeploymentPostprocessing = 0;
		};
		E5B043B81C57B86F00FA8F70 /* Frameworks */ = {
			isa = PBXFrameworksBuildPhase;
			buildActionMask = 2147483647;
			files = (
			);
			runOnlyForDeploymentPostprocessing = 0;
		};
/* End PBXFrameworksBuildPhase section */

/* Begin PBXGroup section */
		E55010841C591DBA008CE9D1 /* AppIcon.appiconset */ = {
			isa = PBXGroup;
			children = (
				E550109D1C592025008CE9D1 /* Icon-60.png */,
				E550109E1C592025008CE9D1 /* Icon-72.png */,
				E550109F1C592025008CE9D1 /* Icon-72@2x.png */,
				E55010A01C592025008CE9D1 /* Icon-Small-50.png */,
				E55010A11C592025008CE9D1 /* Icon-Small-50@2x.png */,
				E55010A21C592025008CE9D1 /* Icon.png */,
				E55010A31C592025008CE9D1 /* Icon@2x.png */,
				E55010A41C592025008CE9D1 /* iTunesArtwork.png */,
				E55010A51C592025008CE9D1 /* iTunesArtwork@2x.png */,
				E55010851C591DBA008CE9D1 /* Contents.json */,
				E55010861C591DBA008CE9D1 /* Icon-40.png */,
				E55010871C591DBA008CE9D1 /* Icon-40@2x.png */,
				E55010881C591DBA008CE9D1 /* Icon-40@3x.png */,
				E55010891C591DBA008CE9D1 /* Icon-60@2x.png */,
				E550108A1C591DBA008CE9D1 /* Icon-60@3x.png */,
				E550108B1C591DBA008CE9D1 /* Icon-76.png */,
				E550108C1C591DBA008CE9D1 /* Icon-76@2x.png */,
				E550108D1C591DBA008CE9D1 /* Icon-83.5@2x.png */,
				E550108E1C591DBA008CE9D1 /* Icon-Small.png */,
				E550108F1C591DBA008CE9D1 /* Icon-Small@2x.png */,
				E55010901C591DBA008CE9D1 /* Icon-Small@3x.png */,
			);
			path = AppIcon.appiconset;
			sourceTree = "<group>";
		};
		E5B043931C57B86F00FA8F70 = {
			isa = PBXGroup;
			children = (
				E5B0439E1C57B86F00FA8F70 /* oldschool calculator */,
				E5B043B31C57B86F00FA8F70 /* oldschool calculatorTests */,
				E5B043BE1C57B86F00FA8F70 /* oldschool calculatorUITests */,
				E5B0439D1C57B86F00FA8F70 /* Products */,
			);
			sourceTree = "<group>";
		};
		E5B0439D1C57B86F00FA8F70 /* Products */ = {
			isa = PBXGroup;
			children = (
				E5B0439C1C57B86F00FA8F70 /* Space Calc.app */,
				E5B043B01C57B86F00FA8F70 /* oldschool calculatorTests.xctest */,
				E5B043BB1C57B86F00FA8F70 /* oldschool calculatorUITests.xctest */,
			);
			name = Products;
			sourceTree = "<group>";
		};
		E5B0439E1C57B86F00FA8F70 /* oldschool calculator */ = {
			isa = PBXGroup;
			children = (
				E5B0439F1C57B86F00FA8F70 /* AppDelegate.swift */,
				E5B043A11C57B86F00FA8F70 /* ViewController.swift */,
				E5B043A31C57B86F00FA8F70 /* Main.storyboard */,
				E5B043A61C57B86F00FA8F70 /* Assets.xcassets */,
				E5B043CD1C57C42900FA8F70 /* Minecraft.ttf */,
				E5B043CF1C582CA300FA8F70 /* btn.wav */,
				E5B043A81C57B86F00FA8F70 /* LaunchScreen.storyboard */,
				E55010841C591DBA008CE9D1 /* AppIcon.appiconset */,
				E5B043AB1C57B86F00FA8F70 /* Info.plist */,
			);
			path = "oldschool calculator";
			sourceTree = "<group>";
		};
		E5B043B31C57B86F00FA8F70 /* oldschool calculatorTests */ = {
			isa = PBXGroup;
			children = (
				E5B043B41C57B86F00FA8F70 /* oldschool_calculatorTests.swift */,
				E5B043B61C57B86F00FA8F70 /* Info.plist */,
			);
			path = "oldschool calculatorTests";
			sourceTree = "<group>";
		};
		E5B043BE1C57B86F00FA8F70 /* oldschool calculatorUITests */ = {
			isa = PBXGroup;
			children = (
				E5B043BF1C57B86F00FA8F70 /* oldschool_calculatorUITests.swift */,
				E5B043C11C57B86F00FA8F70 /* Info.plist */,
			);
			path = "oldschool calculatorUITests";
			sourceTree = "<group>";
		};
/* End PBXGroup section */

/* Begin PBXNativeTarget section */
		E5B0439B1C57B86F00FA8F70 /* oldschool calculator */ = {
			isa = PBXNativeTarget;
			buildConfigurationList = E5B043C41C57B86F00FA8F70 /* Build configuration list for PBXNativeTarget "oldschool calculator" */;
			buildPhases = (
				E5B043981C57B86F00FA8F70 /* Sources */,
				E5B043991C57B86F00FA8F70 /* Frameworks */,
				E5B0439A1C57B86F00FA8F70 /* Resources */,
			);
			buildRules = (
			);
			dependencies = (
			);
			name = "oldschool calculator";
			productName = "oldschool calculator";
			productReference = E5B0439C1C57B86F00FA8F70 /* Space Calc.app */;
			productType = "com.apple.product-type.application";
		};
		E5B043AF1C57B86F00FA8F70 /* oldschool calculatorTests */ = {
			isa = PBXNativeTarget;
			buildConfigurationList = E5B043C71C57B86F00FA8F70 /* Build configuration list for PBXNativeTarget "oldschool calculatorTests" */;
			buildPhases = (
				E5B043AC1C57B86F00FA8F70 /* Sources */,
				E5B043AD1C57B86F00FA8F70 /* Frameworks */,
				E5B043AE1C57B86F00FA8F70 /* Resources */,
			);
			buildRules = (
			);
			dependencies = (
				E5B043B21C57B86F00FA8F70 /* PBXTargetDependency */,
			);
			name = "oldschool calculatorTests";
			productName = "oldschool calculatorTests";
			productReference = E5B043B01C57B86F00FA8F70 /* oldschool calculatorTests.xctest */;
			productType = "com.apple.product-type.bundle.unit-test";
		};
		E5B043BA1C57B86F00FA8F70 /* oldschool calculatorUITests */ = {
			isa = PBXNativeTarget;
			buildConfigurationList = E5B043CA1C57B86F00FA8F70 /* Build configuration list for PBXNativeTarget "oldschool calculatorUITests" */;
			buildPhases = (
				E5B043B71C57B86F00FA8F70 /* Sources */,
				E5B043B81C57B86F00FA8F70 /* Frameworks */,
				E5B043B91C57B86F00FA8F70 /* Resources */,
			);
			buildRules = (
			);
			dependencies = (
				E5B043BD1C57B86F00FA8F70 /* PBXTargetDependency */,
			);
			name = "oldschool calculatorUITests";
			productName = "oldschool calculatorUITests";
			productReference = E5B043BB1C57B86F00FA8F70 /* oldschool calculatorUITests.xctest */;
			productType = "com.apple.product-type.bundle.ui-testing";
		};
/* End PBXNativeTarget section */

/* Begin PBXProject section */
		E5B043941C57B86F00FA8F70 /* Project object */ = {
			isa = PBXProject;
			attributes = {
				LastSwiftUpdateCheck = 0720;
				LastUpgradeCheck = 0720;
				ORGANIZATIONNAME = "Sezer Kulac";
				TargetAttributes = {
					E5B0439B1C57B86F00FA8F70 = {
						CreatedOnToolsVersion = 7.2;
						DevelopmentTeam = 96Y7TLGNJW;
					};
					E5B043AF1C57B86F00FA8F70 = {
						CreatedOnToolsVersion = 7.2;
						TestTargetID = E5B0439B1C57B86F00FA8F70;
					};
					E5B043BA1C57B86F00FA8F70 = {
						CreatedOnToolsVersion = 7.2;
						TestTargetID = E5B0439B1C57B86F00FA8F70;
					};
				};
			};
			buildConfigurationList = E5B043971C57B86F00FA8F70 /* Build configuration list for PBXProject "oldschool calculator" */;
			compatibilityVersion = "Xcode 3.2";
			developmentRegion = English;
			hasScannedForEncodings = 0;
			knownRegions = (
				en,
				Base,
			);
			mainGroup = E5B043931C57B86F00FA8F70;
			productRefGroup = E5B0439D1C57B86F00FA8F70 /* Products */;
			projectDirPath = "";
			projectRoot = "";
			targets = (
				E5B0439B1C57B86F00FA8F70 /* oldschool calculator */,
				E5B043AF1C57B86F00FA8F70 /* oldschool calculatorTests */,
				E5B043BA1C57B86F00FA8F70 /* oldschool calculatorUITests */,
			);
		};
/* End PBXProject section */

/* Begin PBXResourcesBuildPhase section */
		E5B0439A1C57B86F00FA8F70 /* Resources */ = {
			isa = PBXResourcesBuildPhase;
			buildActionMask = 2147483647;
			files = (
				E5B043D01C582CA300FA8F70 /* btn.wav in Resources */,
				E55010AC1C592025008CE9D1 /* Icon@2x.png in Resources */,
				E55010951C591DBA008CE9D1 /* Icon-60@2x.png in Resources */,
				E55010A81C592025008CE9D1 /* Icon-72@2x.png in Resources */,
				E5B043AA1C57B86F00FA8F70 /* LaunchScreen.storyboard in Resources */,
				E55010981C591DBA008CE9D1 /* Icon-76@2x.png in Resources */,
				E5B043A71C57B86F00FA8F70 /* Assets.xcassets in Resources */,
				E55010991C591DBA008CE9D1 /* Icon-83.5@2x.png in Resources */,
				E55010921C591DBA008CE9D1 /* Icon-40.png in Resources */,
				E55010971C591DBA008CE9D1 /* Icon-76.png in Resources */,
				E55010AB1C592025008CE9D1 /* Icon.png in Resources */,
				E550109A1C591DBA008CE9D1 /* Icon-Small.png in Resources */,
				E55010AA1C592025008CE9D1 /* Icon-Small-50@2x.png in Resources */,
				E550109C1C591DBA008CE9D1 /* Icon-Small@3x.png in Resources */,
				E55010941C591DBA008CE9D1 /* Icon-40@3x.png in Resources */,
				E5B043CE1C57C42900FA8F70 /* Minecraft.ttf in Resources */,
				E55010A71C592025008CE9D1 /* Icon-72.png in Resources */,
				E55010931C591DBA008CE9D1 /* Icon-40@2x.png in Resources */,
				E55010A91C592025008CE9D1 /* Icon-Small-50.png in Resources */,
				E5B043A51C57B86F00FA8F70 /* Main.storyboard in Resources */,
				E55010A61C592025008CE9D1 /* Icon-60.png in Resources */,
				E550109B1C591DBA008CE9D1 /* Icon-Small@2x.png in Resources */,
				E55010911C591DBA008CE9D1 /* Contents.json in Resources */,
				E55010AE1C592025008CE9D1 /* iTunesArtwork@2x.png in Resources */,
				E55010AD1C592025008CE9D1 /* iTunesArtwork.png in Resources */,
				E55010961C591DBA008CE9D1 /* Icon-60@3x.png in Resources */,
			);
			runOnlyForDeploymentPostprocessing = 0;
		};
		E5B043AE1C57B86F00FA8F70 /* Resources */ = {
			isa = PBXResourcesBuildPhase;
			buildActionMask = 2147483647;
			files = (
			);
			runOnlyForDeploymentPostprocessing = 0;
		};
		E5B043B91C57B86F00FA8F70 /* Resources */ = {
			isa = PBXResourcesBuildPhase;
			buildActionMask = 2147483647;
			files = (
			);
			runOnlyForDeploymentPostprocessing = 0;
		};
/* End PBXResourcesBuildPhase section */

/* Begin PBXSourcesBuildPhase section */
		E5B043981C57B86F00FA8F70 /* Sources */ = {
			isa = PBXSourcesBuildPhase;
			buildActionMask = 2147483647;
			files = (
				E5B043A21C57B86F00FA8F70 /* ViewController.swift in Sources */,
				E5B043A01C57B86F00FA8F70 /* AppDelegate.swift in Sources */,
			);
			runOnlyForDeploymentPostprocessing = 0;
		};
		E5B043AC1C57B86F00FA8F70 /* Sources */ = {
			isa = PBXSourcesBuildPhase;
			buildActionMask = 2147483647;
			files = (
				E5B043B51C57B86F00FA8F70 /* oldschool_calculatorTests.swift in Sources */,
			);
			runOnlyForDeploymentPostprocessing = 0;
		};
		E5B043B71C57B86F00FA8F70 /* Sources */ = {
			isa = PBXSourcesBuildPhase;
			buildActionMask = 2147483647;
			files = (
				E5B043C01C57B86F00FA8F70 /* oldschool_calculatorUITests.swift in Sources */,
			);
			runOnlyForDeploymentPostprocessing = 0;
		};
/* End PBXSourcesBuildPhase section */

/* Begin PBXTargetDependency section */
		E5B043B21C57B86F00FA8F70 /* PBXTargetDependency */ = {
			isa = PBXTargetDependency;
			target = E5B0439B1C57B86F00FA8F70 /* oldschool calculator */;
			targetProxy = E5B043B11C57B86F00FA8F70 /* PBXContainerItemProxy */;
		};
		E5B043BD1C57B86F00FA8F70 /* PBXTargetDependency */ = {
			isa = PBXTargetDependency;
			target = E5B0439B1C57B86F00FA8F70 /* oldschool calculator */;
			targetProxy = E5B043BC1C57B86F00FA8F70 /* PBXContainerItemProxy */;
		};
/* End PBXTargetDependency section */

/* Begin PBXVariantGroup section */
		E5B043A31C57B86F00FA8F70 /* Main.storyboard */ = {
			isa = PBXVariantGroup;
			children = (
				E5B043A41C57B86F00FA8F70 /* Base */,
			);
			name = Main.storyboard;
			sourceTree = "<group>";
		};
		E5B043A81C57B86F00FA8F70 /* LaunchScreen.storyboard */ = {
			isa = PBXVariantGroup;
			children = (
				E5B043A91C57B86F00FA8F70 /* Base */,
			);
			name = LaunchScreen.storyboard;
			sourceTree = "<group>";
		};
/* End PBXVariantGroup section */

/* Begin XCBuildConfiguration section */
		E5B043C21C57B86F00FA8F70 /* Debug */ = {
			isa = XCBuildConfiguration;
			buildSettings = {
				ALWAYS_SEARCH_USER_PATHS = NO;
				CLANG_CXX_LANGUAGE_STANDARD = "gnu++0x";
				CLANG_CXX_LIBRARY = "libc++";
				CLANG_ENABLE_MODULES = YES;
				CLANG_ENABLE_OBJC_ARC = YES;
				CLANG_WARN_BOOL_CONVERSION = YES;
				CLANG_WARN_CONSTANT_CONVERSION = YES;
				CLANG_WARN_DIRECT_OBJC_ISA_USAGE = YES_ERROR;
				CLANG_WARN_EMPTY_BODY = YES;
				CLANG_WARN_ENUM_CONVERSION = YES;
				CLANG_WARN_INT_CONVERSION = YES;
				CLANG_WARN_OBJC_ROOT_CLASS = YES_ERROR;
				CLANG_WARN_UNREACHABLE_CODE = YES;
				CLANG_WARN__DUPLICATE_METHOD_MATCH = YES;
				"CODE_SIGN_IDENTITY[sdk=iphoneos*]" = "iPhone Developer";
				COPY_PHASE_STRIP = NO;
				DEBUG_INFORMATION_FORMAT = dwarf;
				ENABLE_STRICT_OBJC_MSGSEND = YES;
				ENABLE_TESTABILITY = YES;
				GCC_C_LANGUAGE_STANDARD = gnu99;
				GCC_DYNAMIC_NO_PIC = NO;
				GCC_NO_COMMON_BLOCKS = YES;
				GCC_OPTIMIZATION_LEVEL = 0;
				GCC_PREPROCESSOR_DEFINITIONS = (
					"DEBUG=1",
					"$(inherited)",
				);
				GCC_WARN_64_TO_32_BIT_CONVERSION = YES;
				GCC_WARN_ABOUT_RETURN_TYPE = YES_ERROR;
				GCC_WARN_UNDECLARED_SELECTOR = YES;
				GCC_WARN_UNINITIALIZED_AUTOS = YES_AGGRESSIVE;
				GCC_WARN_UNUSED_FUNCTION = YES;
				GCC_WARN_UNUSED_VARIABLE = YES;
				IPHONEOS_DEPLOYMENT_TARGET = 9.2;
				MTL_ENABLE_DEBUG_INFO = YES;
				ONLY_ACTIVE_ARCH = YES;
				SDKROOT = iphoneos;
				SWIFT_OPTIMIZATION_LEVEL = "-Onone";
			};
			name = Debug;
		};
		E5B043C31C57B86F00FA8F70 /* Release */ = {
			isa = XCBuildConfiguration;
			buildSettings = {
				ALWAYS_SEARCH_USER_PATHS = NO;
				CLANG_CXX_LANGUAGE_STANDARD = "gnu++0x";
				CLANG_CXX_LIBRARY = "libc++";
				CLANG_ENABLE_MODULES = YES;
				CLANG_ENABLE_OBJC_ARC = YES;
				CLANG_WARN_BOOL_CONVERSION = YES;
				CLANG_WARN_CONSTANT_CONVERSION = YES;
				CLANG_WARN_DIRECT_OBJC_ISA_USAGE = YES_ERROR;
				CLANG_WARN_EMPTY_BODY = YES;
				CLANG_WARN_ENUM_CONVERSION = YES;
				CLANG_WARN_INT_CONVERSION = YES;
				CLANG_WARN_OBJC_ROOT_CLASS = YES_ERROR;
				CLANG_WARN_UNREACHABLE_CODE = YES;
				CLANG_WARN__DUPLICATE_METHOD_MATCH = YES;
				"CODE_SIGN_IDENTITY[sdk=iphoneos*]" = "iPhone Developer";
				COPY_PHASE_STRIP = NO;
				DEBUG_INFORMATION_FORMAT = "dwarf-with-dsym";
				ENABLE_NS_ASSERTIONS = NO;
				ENABLE_STRICT_OBJC_MSGSEND = YES;
				GCC_C_LANGUAGE_STANDARD = gnu99;
				GCC_NO_COMMON_BLOCKS = YES;
				GCC_WARN_64_TO_32_BIT_CONVERSION = YES;
				GCC_WARN_ABOUT_RETURN_TYPE = YES_ERROR;
				GCC_WARN_UNDECLARED_SELECTOR = YES;
				GCC_WARN_UNINITIALIZED_AUTOS = YES_AGGRESSIVE;
				GCC_WARN_UNUSED_FUNCTION = YES;
				GCC_WARN_UNUSED_VARIABLE = YES;
				IPHONEOS_DEPLOYMENT_TARGET = 9.2;
				MTL_ENABLE_DEBUG_INFO = NO;
				SDKROOT = iphoneos;
				VALIDATE_PRODUCT = YES;
			};
			name = Release;
		};
		E5B043C51C57B86F00FA8F70 /* Debug */ = {
			isa = XCBuildConfiguration;
			buildSettings = {
				ASSETCATALOG_COMPILER_APPICON_NAME = AppIcon;
				CODE_SIGN_IDENTITY = "iPhone Developer";
				"CODE_SIGN_IDENTITY[sdk=iphoneos*]" = "iPhone Developer";
				INFOPLIST_FILE = "oldschool calculator/Info.plist";
				LD_RUNPATH_SEARCH_PATHS = "$(inherited) @executable_path/Frameworks";
				PRODUCT_BUNDLE_IDENTIFIER = "com.sezer.space-calculator";
				PRODUCT_NAME = "Space Calc";
				PROVISIONING_PROFILE = "";
				TARGETED_DEVICE_FAMILY = "1,2";
			};
			name = Debug;
		};
		E5B043C61C57B86F00FA8F70 /* Release */ = {
			isa = XCBuildConfiguration;
			buildSettings = {
				ASSETCATALOG_COMPILER_APPICON_NAME = AppIcon;
				CODE_SIGN_IDENTITY = "iPhone Developer";
				"CODE_SIGN_IDENTITY[sdk=iphoneos*]" = "iPhone Developer";
				INFOPLIST_FILE = "oldschool calculator/Info.plist";
				LD_RUNPATH_SEARCH_PATHS = "$(inherited) @executable_path/Frameworks";
				PRODUCT_BUNDLE_IDENTIFIER = "com.sezer.space-calculator";
				PRODUCT_NAME = "Space Calc";
				PROVISIONING_PROFILE = "";
				TARGETED_DEVICE_FAMILY = "1,2";
			};
			name = Release;
		};
		E5B043C81C57B86F00FA8F70 /* Debug */ = {
			isa = XCBuildConfiguration;
			buildSettings = {
				BUNDLE_LOADER = "$(TEST_HOST)";
				INFOPLIST_FILE = "oldschool calculatorTests/Info.plist";
				LD_RUNPATH_SEARCH_PATHS = "$(inherited) @executable_path/Frameworks @loader_path/Frameworks";
				PRODUCT_BUNDLE_IDENTIFIER = "com.sezer.oldschool-calculatorTests";
				PRODUCT_NAME = "$(TARGET_NAME)";
				TEST_HOST = "$(BUILT_PRODUCTS_DIR)/oldschool calculator.app/oldschool calculator";
			};
			name = Debug;
		};
		E5B043C91C57B86F00FA8F70 /* Release */ = {
			isa = XCBuildConfiguration;
			buildSettings = {
				BUNDLE_LOADER = "$(TEST_HOST)";
				INFOPLIST_FILE = "oldschool calculatorTests/Info.plist";
				LD_RUNPATH_SEARCH_PATHS = "$(inherited) @executable_path/Frameworks @loader_path/Frameworks";
				PRODUCT_BUNDLE_IDENTIFIER = "com.sezer.oldschool-calculatorTests";
				PRODUCT_NAME = "$(TARGET_NAME)";
				TEST_HOST = "$(BUILT_PRODUCTS_DIR)/oldschool calculator.app/oldschool calculator";
			};
			name = Release;
		};
		E5B043CB1C57B86F00FA8F70 /* Debug */ = {
			isa = XCBuildConfiguration;
			buildSettings = {
				INFOPLIST_FILE = "oldschool calculatorUITests/Info.plist";
				LD_RUNPATH_SEARCH_PATHS = "$(inherited) @executable_path/Frameworks @loader_path/Frameworks";
				PRODUCT_BUNDLE_IDENTIFIER = "com.sezer.oldschool-calculatorUITests";
				PRODUCT_NAME = "$(TARGET_NAME)";
				TEST_TARGET_NAME = "oldschool calculator";
				USES_XCTRUNNER = YES;
			};
			name = Debug;
		};
		E5B043CC1C57B86F00FA8F70 /* Release */ = {
			isa = XCBuildConfiguration;
			buildSettings = {
				INFOPLIST_FILE = "oldschool calculatorUITests/Info.plist";
				LD_RUNPATH_SEARCH_PATHS = "$(inherited) @executable_path/Frameworks @loader_path/Frameworks";
				PRODUCT_BUNDLE_IDENTIFIER = "com.sezer.oldschool-calculatorUITests";
				PRODUCT_NAME = "$(TARGET_NAME)";
				TEST_TARGET_NAME = "oldschool calculator";
				USES_XCTRUNNER = YES;
			};
			name = Release;
		};
/* End XCBuildConfiguration section */

/* Begin XCConfigurationList section */
		E5B043971C57B86F00FA8F70 /* Build configuration list for PBXProject "oldschool calculator" */ = {
			isa = XCConfigurationList;
			buildConfigurations = (
				E5B043C21C57B86F00FA8F70 /* Debug */,
				E5B043C31C57B86F00FA8F70 /* Release */,
			);
			defaultConfigurationIsVisible = 0;
			defaultConfigurationName = Release;
		};
		E5B043C41C57B86F00FA8F70 /* Build configuration list for PBXNativeTarget "oldschool calculator" */ = {
			isa = XCConfigurationList;
			buildConfigurations = (
				E5B043C51C57B86F00FA8F70 /* Debug */,
				E5B043C61C57B86F00FA8F70 /* Release */,
			);
			defaultConfigurationIsVisible = 0;
			defaultConfigurationName = Release;
		};
		E5B043C71C57B86F00FA8F70 /* Build configuration list for PBXNativeTarget "oldschool calculatorTests" */ = {
			isa = XCConfigurationList;
			buildConfigurations = (
				E5B043C81C57B86F00FA8F70 /* Debug */,
				E5B043C91C57B86F00FA8F70 /* Release */,
			);
			defaultConfigurationIsVisible = 0;
			defaultConfigurationName = Release;
		};
		E5B043CA1C57B86F00FA8F70 /* Build configuration list for PBXNativeTarget "oldschool calculatorUITests" */ = {
			isa = XCConfigurationList;
			buildConfigurations = (
				E5B043CB1C57B86F00FA8F70 /* Debug */,
				E5B043CC1C57B86F00FA8F70 /* Release */,
			);
			defaultConfigurationIsVisible = 0;
			defaultConfigurationName = Release;
		};
/* End XCConfigurationList section */
	};
	rootObject = E5B043941C57B86F00FA8F70 /* Project object */;
}
